
Microsoft Visual Studio Solution File, Format Version 12.00
# Visual Studio Version 17
VisualStudioVersion = 17.6.35230.93
MinimumVisualStudioVersion = 10.0.40219.1
Project("{888888A0-9F3D-457C-B088-3A5042F75D52}") = "Rust_IDE", "Rust_IDE\Rust_IDE.pyproj", "{1FF94BE9-F66E-4AEE-90F3-A0697EE0CAA0}"
EndProject
Global
	GlobalSection(SolutionConfigurationPlatforms) = preSolution
		Debug|Any CPU = Debug|Any CPU
		Release|Any CPU = Release|Any CPU
	EndGlobalSection
	GlobalSection(ProjectConfigurationPlatforms) = postSolution
		{1FF94BE9-F66E-4AEE-90F3-A0697EE0CAA0}.Debug|Any CPU.ActiveCfg = Debug|Any CPU
		{1FF94BE9-F66E-4AEE-90F3-A0697EE0CAA0}.Release|Any CPU.ActiveCfg = Release|Any CPU
	EndGlobalSection
	GlobalSection(SolutionProperties) = preSolution
		HideSolutionNode = FALSE
	EndGlobalSection
	GlobalSection(ExtensibilityGlobals) = postSolution
		SolutionGuid = {BF92A969-E2C3-409C-B848-5B2537AFB1FD}
	EndGlobalSection
EndGlobal
